
Microsoft Visual Studio Solution File, Format Version 12.00
# Visual Studio Version 17
VisualStudioVersion = 17.13.35931.197 d17.13
MinimumVisualStudioVersion = 10.0.40219.1
Project("{FAE04EC0-301F-11D3-BF4B-00C04F79EFBC}") = "Story_spoiler", "Story_spoiler\Story_spoiler.csproj", "{63EAF8D8-B077-42EF-A10D-3371E95CD768}"
EndProject
Global
	GlobalSection(SolutionConfigurationPlatforms) = preSolution
		Debug|Any CPU = Debug|Any CPU
		Release|Any CPU = Release|Any CPU
	EndGlobalSection
	GlobalSection(ProjectConfigurationPlatforms) = postSolution
		{63EAF8D8-B077-42EF-A10D-3371E95CD768}.Debug|Any CPU.ActiveCfg = Debug|Any CPU
		{63EAF8D8-B077-42EF-A10D-3371E95CD768}.Debug|Any CPU.Build.0 = Debug|Any CPU
		{63EAF8D8-B077-42EF-A10D-3371E95CD768}.Release|Any CPU.ActiveCfg = Release|Any CPU
		{63EAF8D8-B077-42EF-A10D-3371E95CD768}.Release|Any CPU.Build.0 = Release|Any CPU
	EndGlobalSection
	GlobalSection(SolutionProperties) = preSolution
		HideSolutionNode = FALSE
	EndGlobalSection
	GlobalSection(ExtensibilityGlobals) = postSolution
		SolutionGuid = {DDFFF78A-46D2-4DA8-AFBC-A98D210CDECF}
	EndGlobalSection
EndGlobal
